
Microsoft Visual Studio Solution File, Format Version 12.00
# Visual Studio Version 17
VisualStudioVersion = 17.4.33122.133
MinimumVisualStudioVersion = 10.0.40219.1
Project("{9A19103F-16F7-4668-BE54-9A1E7A4F7556}") = "PrzedszkoleData", "PrzedszkoleData\PrzedszkoleData.csproj", "{33D60CDB-6E7E-4939-8898-3785069C5F47}"
EndProject
Project("{9A19103F-16F7-4668-BE54-9A1E7A4F7556}") = "PrzedszkoleAdmin", "PrzedszkoleAdmin\PrzedszkoleAdmin.csproj", "{B1E041DE-D429-4472-97F6-C21E994BE0B9}"
EndProject
Project("{FAE04EC0-301F-11D3-BF4B-00C04F79EFBC}") = "Przedszkole", "Przedszkole\Przedszkole.csproj", "{4137ED3E-C076-4FA0-ACD5-6089439B5C46}"
EndProject
Global
	GlobalSection(SolutionConfigurationPlatforms) = preSolution
		Debug|Any CPU = Debug|Any CPU
		Release|Any CPU = Release|Any CPU
	EndGlobalSection
	GlobalSection(ProjectConfigurationPlatforms) = postSolution
		{33D60CDB-6E7E-4939-8898-3785069C5F47}.Debug|Any CPU.ActiveCfg = Debug|Any CPU
		{33D60CDB-6E7E-4939-8898-3785069C5F47}.Debug|Any CPU.Build.0 = Debug|Any CPU
		{33D60CDB-6E7E-4939-8898-3785069C5F47}.Release|Any CPU.ActiveCfg = Release|Any CPU
		{33D60CDB-6E7E-4939-8898-3785069C5F47}.Release|Any CPU.Build.0 = Release|Any CPU
		{B1E041DE-D429-4472-97F6-C21E994BE0B9}.Debug|Any CPU.ActiveCfg = Debug|Any CPU
		{B1E041DE-D429-4472-97F6-C21E994BE0B9}.Debug|Any CPU.Build.0 = Debug|Any CPU
		{B1E041DE-D429-4472-97F6-C21E994BE0B9}.Release|Any CPU.ActiveCfg = Release|Any CPU
		{B1E041DE-D429-4472-97F6-C21E994BE0B9}.Release|Any CPU.Build.0 = Release|Any CPU
		{4137ED3E-C076-4FA0-ACD5-6089439B5C46}.Debug|Any CPU.ActiveCfg = Debug|Any CPU
		{4137ED3E-C076-4FA0-ACD5-6089439B5C46}.Debug|Any CPU.Build.0 = Debug|Any CPU
		{4137ED3E-C076-4FA0-ACD5-6089439B5C46}.Release|Any CPU.ActiveCfg = Release|Any CPU
		{4137ED3E-C076-4FA0-ACD5-6089439B5C46}.Release|Any CPU.Build.0 = Release|Any CPU
	EndGlobalSection
	GlobalSection(SolutionProperties) = preSolution
		HideSolutionNode = FALSE
	EndGlobalSection
	GlobalSection(ExtensibilityGlobals) = postSolution
		SolutionGuid = {530B17A1-006E-41E4-81BE-52EA4349BEE3}
	EndGlobalSection
EndGlobal
